
Microsoft Visual Studio Solution File, Format Version 12.00
# Visual Studio Version 17
VisualStudioVersion = 17.9.34723.18
MinimumVisualStudioVersion = 10.0.40219.1
Project("{FAE04EC0-301F-11D3-BF4B-00C04F79EFBC}") = "WpfApp7", "WpfApp7\WpfApp7.csproj", "{BBB55709-3BA8-4A06-ACDF-6005328FEE28}"
EndProject
Global
	GlobalSection(SolutionConfigurationPlatforms) = preSolution
		Debug|Any CPU = Debug|Any CPU
		Release|Any CPU = Release|Any CPU
	EndGlobalSection
	GlobalSection(ProjectConfigurationPlatforms) = postSolution
		{BBB55709-3BA8-4A06-ACDF-6005328FEE28}.Debug|Any CPU.ActiveCfg = Debug|Any CPU
		{BBB55709-3BA8-4A06-ACDF-6005328FEE28}.Debug|Any CPU.Build.0 = Debug|Any CPU
		{BBB55709-3BA8-4A06-ACDF-6005328FEE28}.Release|Any CPU.ActiveCfg = Release|Any CPU
		{BBB55709-3BA8-4A06-ACDF-6005328FEE28}.Release|Any CPU.Build.0 = Release|Any CPU
	EndGlobalSection
	GlobalSection(SolutionProperties) = preSolution
		HideSolutionNode = FALSE
	EndGlobalSection
	GlobalSection(ExtensibilityGlobals) = postSolution
		SolutionGuid = {7A0F3470-4D7C-4254-B839-1278CFBA1EA7}
	EndGlobalSection
EndGlobal
